
Microsoft Visual Studio Solution File, Format Version 12.00
# Visual Studio Version 17
VisualStudioVersion = 17.13.35818.85
MinimumVisualStudioVersion = 10.0.40219.1
Project("{FAE04EC0-301F-11D3-BF4B-00C04F79EFBC}") = "BibliotecaXPTOLibs", "BibliotecaXPTOLibs.csproj", "{0CC53662-5102-6111-907D-A687EB0EB111}"
EndProject
Global
	GlobalSection(SolutionConfigurationPlatforms) = preSolution
		Debug|Any CPU = Debug|Any CPU
		Release|Any CPU = Release|Any CPU
	EndGlobalSection
	GlobalSection(ProjectConfigurationPlatforms) = postSolution
		{0CC53662-5102-6111-907D-A687EB0EB111}.Debug|Any CPU.ActiveCfg = Debug|Any CPU
		{0CC53662-5102-6111-907D-A687EB0EB111}.Debug|Any CPU.Build.0 = Debug|Any CPU
		{0CC53662-5102-6111-907D-A687EB0EB111}.Release|Any CPU.ActiveCfg = Release|Any CPU
		{0CC53662-5102-6111-907D-A687EB0EB111}.Release|Any CPU.Build.0 = Release|Any CPU
	EndGlobalSection
	GlobalSection(SolutionProperties) = preSolution
		HideSolutionNode = FALSE
	EndGlobalSection
	GlobalSection(ExtensibilityGlobals) = postSolution
		SolutionGuid = {64ADF57C-296D-44FC-9D1A-F9A09CD4BC1B}
	EndGlobalSection
EndGlobal
